
Microsoft Visual Studio Solution File, Format Version 12.00
# Visual Studio Version 16
VisualStudioVersion = 16.0.29613.14
MinimumVisualStudioVersion = 10.0.40219.1
Project("{9A19103F-16F7-4668-BE54-9A1E7A4F7556}") = "Arkod", "Arkod\Arkod.csproj", "{522919D4-5016-47C3-A976-522B14DED7DE}"
EndProject
Project("{9A19103F-16F7-4668-BE54-9A1E7A4F7556}") = "Arkod.Ftp", "Arkod.Ftp\Arkod.Ftp.csproj", "{D44C8EC7-2BF8-4D4C-A4AE-37BA7D04AC37}"
EndProject
Project("{9A19103F-16F7-4668-BE54-9A1E7A4F7556}") = "Arkod.Ftp.Test", "Arkod.Ftp.Test\Arkod.Ftp.Test.csproj", "{A6783E67-F694-4715-90AE-3F1A9D8D3C9A}"
EndProject
Project("{9A19103F-16F7-4668-BE54-9A1E7A4F7556}") = "Arkod.Test", "Arkod.Test\Arkod.Test.csproj", "{D0869EE7-44BD-45D9-8560-DF58C663DCDE}"
EndProject
Project("{FAE04EC0-301F-11D3-BF4B-00C04F79EFBC}") = "Arkod.Raspberry.Sample", "Arkod.Raspberry.Sample\Arkod.Raspberry.Sample.csproj", "{0FB29F27-A740-4E3D-B11B-E86490056D27}"
EndProject
Global
	GlobalSection(SolutionConfigurationPlatforms) = preSolution
		Debug|Any CPU = Debug|Any CPU
		Release|Any CPU = Release|Any CPU
	EndGlobalSection
	GlobalSection(ProjectConfigurationPlatforms) = postSolution
		{522919D4-5016-47C3-A976-522B14DED7DE}.Debug|Any CPU.ActiveCfg = Debug|Any CPU
		{522919D4-5016-47C3-A976-522B14DED7DE}.Debug|Any CPU.Build.0 = Debug|Any CPU
		{522919D4-5016-47C3-A976-522B14DED7DE}.Release|Any CPU.ActiveCfg = Release|Any CPU
		{522919D4-5016-47C3-A976-522B14DED7DE}.Release|Any CPU.Build.0 = Release|Any CPU
		{D44C8EC7-2BF8-4D4C-A4AE-37BA7D04AC37}.Debug|Any CPU.ActiveCfg = Debug|Any CPU
		{D44C8EC7-2BF8-4D4C-A4AE-37BA7D04AC37}.Debug|Any CPU.Build.0 = Debug|Any CPU
		{D44C8EC7-2BF8-4D4C-A4AE-37BA7D04AC37}.Release|Any CPU.ActiveCfg = Release|Any CPU
		{D44C8EC7-2BF8-4D4C-A4AE-37BA7D04AC37}.Release|Any CPU.Build.0 = Release|Any CPU
		{A6783E67-F694-4715-90AE-3F1A9D8D3C9A}.Debug|Any CPU.ActiveCfg = Debug|Any CPU
		{A6783E67-F694-4715-90AE-3F1A9D8D3C9A}.Debug|Any CPU.Build.0 = Debug|Any CPU
		{A6783E67-F694-4715-90AE-3F1A9D8D3C9A}.Release|Any CPU.ActiveCfg = Release|Any CPU
		{A6783E67-F694-4715-90AE-3F1A9D8D3C9A}.Release|Any CPU.Build.0 = Release|Any CPU
		{D0869EE7-44BD-45D9-8560-DF58C663DCDE}.Debug|Any CPU.ActiveCfg = Debug|Any CPU
		{D0869EE7-44BD-45D9-8560-DF58C663DCDE}.Debug|Any CPU.Build.0 = Debug|Any CPU
		{D0869EE7-44BD-45D9-8560-DF58C663DCDE}.Release|Any CPU.ActiveCfg = Release|Any CPU
		{D0869EE7-44BD-45D9-8560-DF58C663DCDE}.Release|Any CPU.Build.0 = Release|Any CPU
		{0FB29F27-A740-4E3D-B11B-E86490056D27}.Debug|Any CPU.ActiveCfg = Debug|Any CPU
		{0FB29F27-A740-4E3D-B11B-E86490056D27}.Debug|Any CPU.Build.0 = Debug|Any CPU
		{0FB29F27-A740-4E3D-B11B-E86490056D27}.Release|Any CPU.ActiveCfg = Release|Any CPU
		{0FB29F27-A740-4E3D-B11B-E86490056D27}.Release|Any CPU.Build.0 = Release|Any CPU
	EndGlobalSection
	GlobalSection(SolutionProperties) = preSolution
		HideSolutionNode = FALSE
	EndGlobalSection
	GlobalSection(ExtensibilityGlobals) = postSolution
		SolutionGuid = {351BA13E-410D-44A7-9A06-1096095B297C}
	EndGlobalSection
EndGlobal
